
Microsoft Visual Studio Solution File, Format Version 12.00
# Visual Studio 15
VisualStudioVersion = 15.0.28307.1062
MinimumVisualStudioVersion = 10.0.40219.1
Project("{FAE04EC0-301F-11D3-BF4B-00C04F79EFBC}") = "game2048", "game2048\game2048.csproj", "{F8ACC184-222E-4F34-AA92-31F295D038C5}"
EndProject
Project("{FAE04EC0-301F-11D3-BF4B-00C04F79EFBC}") = "ClassLibrarygame2048", "ClassLibrarygame2048\ClassLibrarygame2048.csproj", "{717D8BA2-3C35-4714-8B2A-EF08EA860985}"
EndProject
Global
	GlobalSection(SolutionConfigurationPlatforms) = preSolution
		Debug|Any CPU = Debug|Any CPU
		Release|Any CPU = Release|Any CPU
	EndGlobalSection
	GlobalSection(ProjectConfigurationPlatforms) = postSolution
		{F8ACC184-222E-4F34-AA92-31F295D038C5}.Debug|Any CPU.ActiveCfg = Debug|Any CPU
		{F8ACC184-222E-4F34-AA92-31F295D038C5}.Debug|Any CPU.Build.0 = Debug|Any CPU
		{F8ACC184-222E-4F34-AA92-31F295D038C5}.Release|Any CPU.ActiveCfg = Release|Any CPU
		{F8ACC184-222E-4F34-AA92-31F295D038C5}.Release|Any CPU.Build.0 = Release|Any CPU
		{717D8BA2-3C35-4714-8B2A-EF08EA860985}.Debug|Any CPU.ActiveCfg = Debug|Any CPU
		{717D8BA2-3C35-4714-8B2A-EF08EA860985}.Debug|Any CPU.Build.0 = Debug|Any CPU
		{717D8BA2-3C35-4714-8B2A-EF08EA860985}.Release|Any CPU.ActiveCfg = Release|Any CPU
		{717D8BA2-3C35-4714-8B2A-EF08EA860985}.Release|Any CPU.Build.0 = Release|Any CPU
	EndGlobalSection
	GlobalSection(SolutionProperties) = preSolution
		HideSolutionNode = FALSE
	EndGlobalSection
	GlobalSection(ExtensibilityGlobals) = postSolution
		SolutionGuid = {9C91E057-76CA-4BC7-96F1-872F0AF9962A}
	EndGlobalSection
EndGlobal
